lockfileVersion: '9.0'

settings:
  autoInstallPeers: true
  excludeLinksFromLockfile: false

importers:

  .:
    dependencies:
      '@langchain/core':
        specifier: ^0.3.57
        version: 0.3.57(openai@4.104.0(zod@3.25.56))
      langchain:
        specifier: ^0.3.27
        version: 0.3.27(@langchain/core@0.3.57(openai@4.104.0(zod@3.25.56)))(openai@4.104.0(zod@3.25.56))

packages:

  '@cfworker/json-schema@4.1.1':
    resolution: {integrity: sha1-Sio5R+6fp7fCS+mBQigxuGdMO+Y=, tarball: http://r.npm.sankuai.com/@cfworker/json-schema/download/@cfworker/json-schema-4.1.1.tgz}

  '@langchain/core@0.3.57':
    resolution: {integrity: sha1-Pp2UFARoc0BfSMdh/mMr11clCpE=, tarball: http://r.npm.sankuai.com/@langchain/core/download/@langchain/core-0.3.57.tgz}
    engines: {node: '>=18'}

  '@langchain/openai@0.5.12':
    resolution: {integrity: sha1-Gt4PkjI49z4DMP2RuYj7yz0KVok=, tarball: http://r.npm.sankuai.com/@langchain/openai/download/@langchain/openai-0.5.12.tgz}
    engines: {node: '>=18'}
    peerDependencies:
      '@langchain/core': '>=0.3.48 <0.4.0'

  '@langchain/textsplitters@0.1.0':
    resolution: {integrity: sha1-83YgmSGS3wns2j371UWzamvLrkY=, tarball: http://r.npm.sankuai.com/@langchain/textsplitters/download/@langchain/textsplitters-0.1.0.tgz}
    engines: {node: '>=18'}
    peerDependencies:
      '@langchain/core': '>=0.2.21 <0.4.0'

  '@types/node-fetch@2.6.12':
    resolution: {integrity: sha1-irXD74Mw8TEAp0eeLNVtM4aDCgM=, tarball: http://r.npm.sankuai.com/@types/node-fetch/download/@types/node-fetch-2.6.12.tgz}

  '@types/node@18.19.111':
    resolution: {integrity: sha1-6VuJ78JMxiWDS0O81wvVWRpd+6U=, tarball: http://r.npm.sankuai.com/@types/node/download/@types/node-18.19.111.tgz}

  '@types/retry@0.12.0':
    resolution: {integrity: sha1-KzXsz87n04zXKtmSMvvVi/+zyE0=, tarball: http://r.npm.sankuai.com/@types/retry/download/@types/retry-0.12.0.tgz}

  '@types/uuid@10.0.0':
    resolution: {integrity: sha1-6cB/5Q2g9T3CSXDMqU1hn/A/b20=, tarball: http://r.npm.sankuai.com/@types/uuid/download/@types/uuid-10.0.0.tgz}

  abort-controller@3.0.0:
    resolution: {integrity: sha1-6vVNU7YrrkE46AnKIlyEOabvs5I=, tarball: http://r.npm.sankuai.com/abort-controller/download/abort-controller-3.0.0.tgz}
    engines: {node: '>=6.5'}

  agentkeepalive@4.6.0:
    resolution: {integrity: sha1-Nfc+lLP0C/ZfEFIZxiOtGcE26mo=, tarball: http://r.npm.sankuai.com/agentkeepalive/download/agentkeepalive-4.6.0.tgz}
    engines: {node: '>= 8.0.0'}

  ansi-styles@4.3.0:
    resolution: {integrity: sha1-7dgDYornHATIWuegkG7a00tkiTc=, tarball: http://r.npm.sankuai.com/ansi-styles/download/ansi-styles-4.3.0.tgz}
    engines: {node: '>=8'}

  ansi-styles@5.2.0:
    resolution: {integrity: sha1-B0SWkK1Fd30ZJKwquy/IiV26g2s=, tarball: http://r.npm.sankuai.com/ansi-styles/download/ansi-styles-5.2.0.tgz}
    engines: {node: '>=10'}

  argparse@2.0.1:
    resolution: {integrity: sha1-JG9Q88p4oyQPbJl+ipvR6sSeSzg=, tarball: http://r.npm.sankuai.com/argparse/download/argparse-2.0.1.tgz}

  asynckit@0.4.0:
    resolution: {integrity: sha1-x57Zf380y48robyXkLzDZkdLS3k=, tarball: http://r.npm.sankuai.com/asynckit/download/asynckit-0.4.0.tgz}

  base64-js@1.5.1:
    resolution: {integrity: sha1-GxtEAWClv3rUC2UPCVljSBkDkwo=, tarball: http://r.npm.sankuai.com/base64-js/download/base64-js-1.5.1.tgz}

  call-bind-apply-helpers@1.0.2:
    resolution: {integrity: sha1-S1QowiK+mF15w9gmV0edvgtZstY=, tarball: http://r.npm.sankuai.com/call-bind-apply-helpers/download/call-bind-apply-helpers-1.0.2.tgz}
    engines: {node: '>= 0.4'}

  camelcase@6.3.0:
    resolution: {integrity: sha1-VoW5XrIJrJwMF3Rnd4ychN9Yupo=, tarball: http://r.npm.sankuai.com/camelcase/download/camelcase-6.3.0.tgz}
    engines: {node: '>=10'}

  chalk@4.1.2:
    resolution: {integrity: sha1-qsTit3NKdAhnrrFr8CqtVWoeegE=, tarball: http://r.npm.sankuai.com/chalk/download/chalk-4.1.2.tgz}
    engines: {node: '>=10'}

  color-convert@2.0.1:
    resolution: {integrity: sha1-ctOmjVmMm9s68q0ehPIdiWq9TeM=, tarball: http://r.npm.sankuai.com/color-convert/download/color-convert-2.0.1.tgz}
    engines: {node: '>=7.0.0'}

  color-name@1.1.4:
    resolution: {integrity: sha1-wqCah6y95pVD3m9j+jmVyCbFNqI=, tarball: http://r.npm.sankuai.com/color-name/download/color-name-1.1.4.tgz}

  combined-stream@1.0.8:
    resolution: {integrity: sha1-w9RaizT9cwYxoRCoolIGgrMdWn8=, tarball: http://r.npm.sankuai.com/combined-stream/download/combined-stream-1.0.8.tgz}
    engines: {node: '>= 0.8'}

  console-table-printer@2.14.2:
    resolution: {integrity: sha1-W7R0ix6zbeDNLB02aI/8Ena0LLk=, tarball: http://r.npm.sankuai.com/console-table-printer/download/console-table-printer-2.14.2.tgz}

  decamelize@1.2.0:
    resolution: {integrity: sha1-9lNNFRSCabIDUue+4m9QH5oZEpA=, tarball: http://r.npm.sankuai.com/decamelize/download/decamelize-1.2.0.tgz}
    engines: {node: '>=0.10.0'}

  delayed-stream@1.0.0:
    resolution: {integrity: sha1-3zrhmayt+31ECqrgsp4icrJOxhk=, tarball: http://r.npm.sankuai.com/delayed-stream/download/delayed-stream-1.0.0.tgz}
    engines: {node: '>=0.4.0'}

  dunder-proto@1.0.1:
    resolution: {integrity: sha1-165mfh3INIL4tw/Q9u78UNow9Yo=, tarball: http://r.npm.sankuai.com/dunder-proto/download/dunder-proto-1.0.1.tgz}
    engines: {node: '>= 0.4'}

  es-define-property@1.0.1:
    resolution: {integrity: sha1-mD6y+aZyTpMD9hrd8BHHLgngsPo=, tarball: http://r.npm.sankuai.com/es-define-property/download/es-define-property-1.0.1.tgz}
    engines: {node: '>= 0.4'}

  es-errors@1.3.0:
    resolution: {integrity: sha1-BfdaJdq5jk+x3NXhRywFRtUFfI8=, tarball: http://r.npm.sankuai.com/es-errors/download/es-errors-1.3.0.tgz}
    engines: {node: '>= 0.4'}

  es-object-atoms@1.1.1:
    resolution: {integrity: sha1-HE8sSDcydZfOadLKGQp/3RcjOME=, tarball: http://r.npm.sankuai.com/es-object-atoms/download/es-object-atoms-1.1.1.tgz}
    engines: {node: '>= 0.4'}

  es-set-tostringtag@2.1.0:
    resolution: {integrity: sha1-8x274MGDsAptJutjJcgQwP0YvU0=, tarball: http://r.npm.sankuai.com/es-set-tostringtag/download/es-set-tostringtag-2.1.0.tgz}
    engines: {node: '>= 0.4'}

  event-target-shim@5.0.1:
    resolution: {integrity: sha1-XU0+vflYPWOlMzzi3rdICrKwV4k=, tarball: http://r.npm.sankuai.com/event-target-shim/download/event-target-shim-5.0.1.tgz}
    engines: {node: '>=6'}

  eventemitter3@4.0.7:
    resolution: {integrity: sha1-Lem2j2Uo1WRO9cWVJqG0oHMGFp8=, tarball: http://r.npm.sankuai.com/eventemitter3/download/eventemitter3-4.0.7.tgz}

  form-data-encoder@1.7.2:
    resolution: {integrity: sha1-Hxrj3M9Y7UaQuG2H5PV8ZU+6sEA=, tarball: http://r.npm.sankuai.com/form-data-encoder/download/form-data-encoder-1.7.2.tgz}

  form-data@4.0.3:
    resolution: {integrity: sha1-YIsbPz4ovg/M9ZAfyF+zZB5c8K4=, tarball: http://r.npm.sankuai.com/form-data/download/form-data-4.0.3.tgz}
    engines: {node: '>= 6'}

  formdata-node@4.4.1:
    resolution: {integrity: sha1-I/aly5y1UxWRLL7E/3sPWbvRkeI=, tarball: http://r.npm.sankuai.com/formdata-node/download/formdata-node-4.4.1.tgz}
    engines: {node: '>= 12.20'}

  function-bind@1.1.2:
    resolution: {integrity: sha1-LALYZNl/PqbIgwxGTL0Rq26rehw=, tarball: http://r.npm.sankuai.com/function-bind/download/function-bind-1.1.2.tgz}

  get-intrinsic@1.3.0:
    resolution: {integrity: sha1-dD8OO2lkqTpUke0b/6rgVNf5jQE=, tarball: http://r.npm.sankuai.com/get-intrinsic/download/get-intrinsic-1.3.0.tgz}
    engines: {node: '>= 0.4'}

  get-proto@1.0.1:
    resolution: {integrity: sha1-FQs/J0OGnvPoUewMSdFbHRTQDuE=, tarball: http://r.npm.sankuai.com/get-proto/download/get-proto-1.0.1.tgz}
    engines: {node: '>= 0.4'}

  gopd@1.2.0:
    resolution: {integrity: sha1-ifVrghe9vIgCvSmd9tfxCB1+UaE=, tarball: http://r.npm.sankuai.com/gopd/download/gopd-1.2.0.tgz}
    engines: {node: '>= 0.4'}

  has-flag@4.0.0:
    resolution: {integrity: sha1-lEdx/ZyByBJlxNaUGGDaBrtZR5s=, tarball: http://r.npm.sankuai.com/has-flag/download/has-flag-4.0.0.tgz}
    engines: {node: '>=8'}

  has-symbols@1.1.0:
    resolution: {integrity: sha1-/JxqeDoISVHQuXH+EBjegTcHozg=, tarball: http://r.npm.sankuai.com/has-symbols/download/has-symbols-1.1.0.tgz}
    engines: {node: '>= 0.4'}

  has-tostringtag@1.0.2:
    resolution: {integrity: sha1-LNxC1AvvLltO6rfAGnPFTOerWrw=, tarball: http://r.npm.sankuai.com/has-tostringtag/download/has-tostringtag-1.0.2.tgz}
    engines: {node: '>= 0.4'}

  hasown@2.0.2:
    resolution: {integrity: sha1-AD6vkb563DcuhOxZ3DclLO24AAM=, tarball: http://r.npm.sankuai.com/hasown/download/hasown-2.0.2.tgz}
    engines: {node: '>= 0.4'}

  humanize-ms@1.2.1:
    resolution: {integrity: sha1-xG4xWaKT9riW2ikxbYtv6Lt5u+0=, tarball: http://r.npm.sankuai.com/humanize-ms/download/humanize-ms-1.2.1.tgz}

  js-tiktoken@1.0.20:
    resolution: {integrity: sha1-+iczvxR6yvG9z5q4qHjnnFgclfI=, tarball: http://r.npm.sankuai.com/js-tiktoken/download/js-tiktoken-1.0.20.tgz}

  js-yaml@4.1.0:
    resolution: {integrity: sha1-wftl+PUBeQHN0slRhkuhhFihBgI=, tarball: http://r.npm.sankuai.com/js-yaml/download/js-yaml-4.1.0.tgz}
    hasBin: true

  jsonpointer@5.0.1:
    resolution: {integrity: sha1-IRDgrwkA/TdGe1kH7NE6eIShtVk=, tarball: http://r.npm.sankuai.com/jsonpointer/download/jsonpointer-5.0.1.tgz}
    engines: {node: '>=0.10.0'}

  langchain@0.3.27:
    resolution: {integrity: sha1-4O1oZ2Xbo4CfkKIUEQvuRFzyQKg=, tarball: http://r.npm.sankuai.com/langchain/download/langchain-0.3.27.tgz}
    engines: {node: '>=18'}
    peerDependencies:
      '@langchain/anthropic': '*'
      '@langchain/aws': '*'
      '@langchain/cerebras': '*'
      '@langchain/cohere': '*'
      '@langchain/core': '>=0.2.21 <0.4.0'
      '@langchain/deepseek': '*'
      '@langchain/google-genai': '*'
      '@langchain/google-vertexai': '*'
      '@langchain/google-vertexai-web': '*'
      '@langchain/groq': '*'
      '@langchain/mistralai': '*'
      '@langchain/ollama': '*'
      '@langchain/xai': '*'
      axios: '*'
      cheerio: '*'
      handlebars: ^4.7.8
      peggy: ^3.0.2
      typeorm: '*'
    peerDependenciesMeta:
      '@langchain/anthropic':
        optional: true
      '@langchain/aws':
        optional: true
      '@langchain/cerebras':
        optional: true
      '@langchain/cohere':
        optional: true
      '@langchain/deepseek':
        optional: true
      '@langchain/google-genai':
        optional: true
      '@langchain/google-vertexai':
        optional: true
      '@langchain/google-vertexai-web':
        optional: true
      '@langchain/groq':
        optional: true
      '@langchain/mistralai':
        optional: true
      '@langchain/ollama':
        optional: true
      '@langchain/xai':
        optional: true
      axios:
        optional: true
      cheerio:
        optional: true
      handlebars:
        optional: true
      peggy:
        optional: true
      typeorm:
        optional: true

  langsmith@0.3.30:
    resolution: {integrity: sha1-gXgD8i8ev3u/mx9BHGp/B8RqndE=, tarball: http://r.npm.sankuai.com/langsmith/download/langsmith-0.3.30.tgz}
    peerDependencies:
      openai: '*'
    peerDependenciesMeta:
      openai:
        optional: true

  math-intrinsics@1.1.0:
    resolution: {integrity: sha1-oN10voHiqlwvJ+Zc4oNgXuTit/k=, tarball: http://r.npm.sankuai.com/math-intrinsics/download/math-intrinsics-1.1.0.tgz}
    engines: {node: '>= 0.4'}

  mime-db@1.52.0:
    resolution: {integrity: sha1-u6vNwChZ9JhzAchW4zh85exDv3A=, tarball: http://r.npm.sankuai.com/mime-db/download/mime-db-1.52.0.tgz}
    engines: {node: '>= 0.6'}

  mime-types@2.1.35:
    resolution: {integrity: sha1-OBqHG2KnNEUGYK497uRIE/cNlZo=, tarball: http://r.npm.sankuai.com/mime-types/download/mime-types-2.1.35.tgz}
    engines: {node: '>= 0.6'}

  ms@2.1.3:
    resolution: {integrity: sha1-V0yBOM4dK1hh8LRFedut1gxmFbI=, tarball: http://r.npm.sankuai.com/ms/download/ms-2.1.3.tgz}

  mustache@4.2.0:
    resolution: {integrity: sha1-5YkjJNYKEuycKnM1ntylKXK/b2Q=, tarball: http://r.npm.sankuai.com/mustache/download/mustache-4.2.0.tgz}
    hasBin: true

  node-domexception@1.0.0:
    resolution: {integrity: sha1-aIjbRqH3HAt2s/dVUBa2P+ZHZuU=, tarball: http://r.npm.sankuai.com/node-domexception/download/node-domexception-1.0.0.tgz}
    engines: {node: '>=10.5.0'}

  node-fetch@2.7.0:
    resolution: {integrity: sha1-0PD6bj4twdJ+/NitmdVQvalNGH0=, tarball: http://r.npm.sankuai.com/node-fetch/download/node-fetch-2.7.0.tgz}
    engines: {node: 4.x || >=6.0.0}
    peerDependencies:
      encoding: ^0.1.0
    peerDependenciesMeta:
      encoding:
        optional: true

  openai@4.104.0:
    resolution: {integrity: sha1-xIl2XcBRuVAZhF2rZLDlIHyuTTA=, tarball: http://r.npm.sankuai.com/openai/download/openai-4.104.0.tgz}
    hasBin: true
    peerDependencies:
      ws: ^8.18.0
      zod: ^3.23.8
    peerDependenciesMeta:
      ws:
        optional: true
      zod:
        optional: true

  openapi-types@12.1.3:
    resolution: {integrity: sha1-RxmV6ybEuXt701aqz3uRtz53fdM=, tarball: http://r.npm.sankuai.com/openapi-types/download/openapi-types-12.1.3.tgz}

  p-finally@1.0.0:
    resolution: {integrity: sha1-P7z7FbiZpEEjs0ttzBi3JDNqLK4=, tarball: http://r.npm.sankuai.com/p-finally/download/p-finally-1.0.0.tgz}
    engines: {node: '>=4'}

  p-queue@6.6.2:
    resolution: {integrity: sha1-IGip3PjmfdDsPnory3aBD6qF5CY=, tarball: http://r.npm.sankuai.com/p-queue/download/p-queue-6.6.2.tgz}
    engines: {node: '>=8'}

  p-retry@4.6.2:
    resolution: {integrity: sha1-m6rnGEBX7dThcjHO4EJkEG4JKhY=, tarball: http://r.npm.sankuai.com/p-retry/download/p-retry-4.6.2.tgz}
    engines: {node: '>=8'}

  p-timeout@3.2.0:
    resolution: {integrity: sha1-x+F6vJcdKnli74NiazXWNazyPf4=, tarball: http://r.npm.sankuai.com/p-timeout/download/p-timeout-3.2.0.tgz}
    engines: {node: '>=8'}

  retry@0.13.1:
    resolution: {integrity: sha1-GFsVh6z2eRnWOzVzSeA1N7JIRlg=, tarball: http://r.npm.sankuai.com/retry/download/retry-0.13.1.tgz}
    engines: {node: '>= 4'}

  semver@7.7.2:
    resolution: {integrity: sha1-Z9mf3NNc7CHm+Lh6f9UVoz+YK1g=, tarball: http://r.npm.sankuai.com/semver/download/semver-7.7.2.tgz}
    engines: {node: '>=10'}
    hasBin: true

  simple-wcswidth@1.0.1:
    resolution: {integrity: sha1-irGKwK40L52bYpYE5U0qoeywGLI=, tarball: http://r.npm.sankuai.com/simple-wcswidth/download/simple-wcswidth-1.0.1.tgz}

  supports-color@7.2.0:
    resolution: {integrity: sha1-G33NyzK4E4gBs+R4umpRyqiWSNo=, tarball: http://r.npm.sankuai.com/supports-color/download/supports-color-7.2.0.tgz}
    engines: {node: '>=8'}

  tr46@0.0.3:
    resolution: {integrity: sha1-gYT9NH2snNwYWZLzpmIuFLnZq2o=, tarball: http://r.npm.sankuai.com/tr46/download/tr46-0.0.3.tgz}

  undici-types@5.26.5:
    resolution: {integrity: sha1-vNU5iT0AtW6WT9JlekhmsiGmVhc=, tarball: http://r.npm.sankuai.com/undici-types/download/undici-types-5.26.5.tgz}

  uuid@10.0.0:
    resolution: {integrity: sha1-WpWqRU5uACclx5BV/UKqujDKYpQ=, tarball: http://r.npm.sankuai.com/uuid/download/uuid-10.0.0.tgz}
    hasBin: true

  web-streams-polyfill@4.0.0-beta.3:
    resolution: {integrity: sha1-KJhIa3T1FWCV5HPv6Ync8YUEejg=, tarball: http://r.npm.sankuai.com/web-streams-polyfill/download/web-streams-polyfill-4.0.0-beta.3.tgz}
    engines: {node: '>= 14'}

  webidl-conversions@3.0.1:
    resolution: {integrity: sha1-JFNCdeKnvGvnvIZhHMFq4KVlSHE=, tarball: http://r.npm.sankuai.com/webidl-conversions/download/webidl-conversions-3.0.1.tgz}

  whatwg-url@5.0.0:
    resolution: {integrity: sha1-lmRU6HZUYuN2RNNib2dCzotwll0=, tarball: http://r.npm.sankuai.com/whatwg-url/download/whatwg-url-5.0.0.tgz}

  yaml@2.8.0:
    resolution: {integrity: sha1-FfjJhmIRvcLTeBoIkORNT6Gl//Y=, tarball: http://r.npm.sankuai.com/yaml/download/yaml-2.8.0.tgz}
    engines: {node: '>= 14.6'}
    hasBin: true

  zod-to-json-schema@3.24.5:
    resolution: {integrity: sha1-0QlUQLFH+3wgk4EqU8VN+NXfUKM=, tarball: http://r.npm.sankuai.com/zod-to-json-schema/download/zod-to-json-schema-3.24.5.tgz}
    peerDependencies:
      zod: ^3.24.1

  zod@3.25.56:
    resolution: {integrity: sha1-TP8DQLfNN3gxTawedNamY//u+RQ=, tarball: http://r.npm.sankuai.com/zod/download/zod-3.25.56.tgz}

snapshots:

  '@cfworker/json-schema@4.1.1': {}

  '@langchain/core@0.3.57(openai@4.104.0(zod@3.25.56))':
    dependencies:
      '@cfworker/json-schema': 4.1.1
      ansi-styles: 5.2.0
      camelcase: 6.3.0
      decamelize: 1.2.0
      js-tiktoken: 1.0.20
      langsmith: 0.3.30(openai@4.104.0(zod@3.25.56))
      mustache: 4.2.0
      p-queue: 6.6.2
      p-retry: 4.6.2
      uuid: 10.0.0
      zod: 3.25.56
      zod-to-json-schema: 3.24.5(zod@3.25.56)
    transitivePeerDependencies:
      - openai

  '@langchain/openai@0.5.12(@langchain/core@0.3.57(openai@4.104.0(zod@3.25.56)))':
    dependencies:
      '@langchain/core': 0.3.57(openai@4.104.0(zod@3.25.56))
      js-tiktoken: 1.0.20
      openai: 4.104.0(zod@3.25.56)
      zod: 3.25.56
      zod-to-json-schema: 3.24.5(zod@3.25.56)
    transitivePeerDependencies:
      - encoding
      - ws

  '@langchain/textsplitters@0.1.0(@langchain/core@0.3.57(openai@4.104.0(zod@3.25.56)))':
    dependencies:
      '@langchain/core': 0.3.57(openai@4.104.0(zod@3.25.56))
      js-tiktoken: 1.0.20

  '@types/node-fetch@2.6.12':
    dependencies:
      '@types/node': 18.19.111
      form-data: 4.0.3

  '@types/node@18.19.111':
    dependencies:
      undici-types: 5.26.5

  '@types/retry@0.12.0': {}

  '@types/uuid@10.0.0': {}

  abort-controller@3.0.0:
    dependencies:
      event-target-shim: 5.0.1

  agentkeepalive@4.6.0:
    dependencies:
      humanize-ms: 1.2.1

  ansi-styles@4.3.0:
    dependencies:
      color-convert: 2.0.1

  ansi-styles@5.2.0: {}

  argparse@2.0.1: {}

  asynckit@0.4.0: {}

  base64-js@1.5.1: {}

  call-bind-apply-helpers@1.0.2:
    dependencies:
      es-errors: 1.3.0
      function-bind: 1.1.2

  camelcase@6.3.0: {}

  chalk@4.1.2:
    dependencies:
      ansi-styles: 4.3.0
      supports-color: 7.2.0

  color-convert@2.0.1:
    dependencies:
      color-name: 1.1.4

  color-name@1.1.4: {}

  combined-stream@1.0.8:
    dependencies:
      delayed-stream: 1.0.0

  console-table-printer@2.14.2:
    dependencies:
      simple-wcswidth: 1.0.1

  decamelize@1.2.0: {}

  delayed-stream@1.0.0: {}

  dunder-proto@1.0.1:
    dependencies:
      call-bind-apply-helpers: 1.0.2
      es-errors: 1.3.0
      gopd: 1.2.0

  es-define-property@1.0.1: {}

  es-errors@1.3.0: {}

  es-object-atoms@1.1.1:
    dependencies:
      es-errors: 1.3.0

  es-set-tostringtag@2.1.0:
    dependencies:
      es-errors: 1.3.0
      get-intrinsic: 1.3.0
      has-tostringtag: 1.0.2
      hasown: 2.0.2

  event-target-shim@5.0.1: {}

  eventemitter3@4.0.7: {}

  form-data-encoder@1.7.2: {}

  form-data@4.0.3:
    dependencies:
      asynckit: 0.4.0
      combined-stream: 1.0.8
      es-set-tostringtag: 2.1.0
      hasown: 2.0.2
      mime-types: 2.1.35

  formdata-node@4.4.1:
    dependencies:
      node-domexception: 1.0.0
      web-streams-polyfill: 4.0.0-beta.3

  function-bind@1.1.2: {}

  get-intrinsic@1.3.0:
    dependencies:
      call-bind-apply-helpers: 1.0.2
      es-define-property: 1.0.1
      es-errors: 1.3.0
      es-object-atoms: 1.1.1
      function-bind: 1.1.2
      get-proto: 1.0.1
      gopd: 1.2.0
      has-symbols: 1.1.0
      hasown: 2.0.2
      math-intrinsics: 1.1.0

  get-proto@1.0.1:
    dependencies:
      dunder-proto: 1.0.1
      es-object-atoms: 1.1.1

  gopd@1.2.0: {}

  has-flag@4.0.0: {}

  has-symbols@1.1.0: {}

  has-tostringtag@1.0.2:
    dependencies:
      has-symbols: 1.1.0

  hasown@2.0.2:
    dependencies:
      function-bind: 1.1.2

  humanize-ms@1.2.1:
    dependencies:
      ms: 2.1.3

  js-tiktoken@1.0.20:
    dependencies:
      base64-js: 1.5.1

  js-yaml@4.1.0:
    dependencies:
      argparse: 2.0.1

  jsonpointer@5.0.1: {}

  langchain@0.3.27(@langchain/core@0.3.57(openai@4.104.0(zod@3.25.56)))(openai@4.104.0(zod@3.25.56)):
    dependencies:
      '@langchain/core': 0.3.57(openai@4.104.0(zod@3.25.56))
      '@langchain/openai': 0.5.12(@langchain/core@0.3.57(openai@4.104.0(zod@3.25.56)))
      '@langchain/textsplitters': 0.1.0(@langchain/core@0.3.57(openai@4.104.0(zod@3.25.56)))
      js-tiktoken: 1.0.20
      js-yaml: 4.1.0
      jsonpointer: 5.0.1
      langsmith: 0.3.30(openai@4.104.0(zod@3.25.56))
      openapi-types: 12.1.3
      p-retry: 4.6.2
      uuid: 10.0.0
      yaml: 2.8.0
      zod: 3.25.56
      zod-to-json-schema: 3.24.5(zod@3.25.56)
    transitivePeerDependencies:
      - encoding
      - openai
      - ws

  langsmith@0.3.30(openai@4.104.0(zod@3.25.56)):
    dependencies:
      '@types/uuid': 10.0.0
      chalk: 4.1.2
      console-table-printer: 2.14.2
      p-queue: 6.6.2
      p-retry: 4.6.2
      semver: 7.7.2
      uuid: 10.0.0
    optionalDependencies:
      openai: 4.104.0(zod@3.25.56)

  math-intrinsics@1.1.0: {}

  mime-db@1.52.0: {}

  mime-types@2.1.35:
    dependencies:
      mime-db: 1.52.0

  ms@2.1.3: {}

  mustache@4.2.0: {}

  node-domexception@1.0.0: {}

  node-fetch@2.7.0:
    dependencies:
      whatwg-url: 5.0.0

  openai@4.104.0(zod@3.25.56):
    dependencies:
      '@types/node': 18.19.111
      '@types/node-fetch': 2.6.12
      abort-controller: 3.0.0
      agentkeepalive: 4.6.0
      form-data-encoder: 1.7.2
      formdata-node: 4.4.1
      node-fetch: 2.7.0
    optionalDependencies:
      zod: 3.25.56
    transitivePeerDependencies:
      - encoding

  openapi-types@12.1.3: {}

  p-finally@1.0.0: {}

  p-queue@6.6.2:
    dependencies:
      eventemitter3: 4.0.7
      p-timeout: 3.2.0

  p-retry@4.6.2:
    dependencies:
      '@types/retry': 0.12.0
      retry: 0.13.1

  p-timeout@3.2.0:
    dependencies:
      p-finally: 1.0.0

  retry@0.13.1: {}

  semver@7.7.2: {}

  simple-wcswidth@1.0.1: {}

  supports-color@7.2.0:
    dependencies:
      has-flag: 4.0.0

  tr46@0.0.3: {}

  undici-types@5.26.5: {}

  uuid@10.0.0: {}

  web-streams-polyfill@4.0.0-beta.3: {}

  webidl-conversions@3.0.1: {}

  whatwg-url@5.0.0:
    dependencies:
      tr46: 0.0.3
      webidl-conversions: 3.0.1

  yaml@2.8.0: {}

  zod-to-json-schema@3.24.5(zod@3.25.56):
    dependencies:
      zod: 3.25.56

  zod@3.25.56: {}
